Microsoft Visual Studio Solution File, Format Version 12.00
# Visual Studio Version 17
VisualStudioVersion = 17.5.2.0
MinimumVisualStudioVersion = 10.0.40219.1
Project("{FAE04EC0-301F-11D3-BF4B-00C04F79EFBC}") = "TestBrick", "TestBrick\TestBrick.csproj", "{075DB697-EEDC-0F0C-C74D-65F1E5328D2F}"
EndProject
Global
	GlobalSection(SolutionConfigurationPlatforms) = preSolution
		Debug|Any CPU = Debug|Any CPU
		Release|Any CPU = Release|Any CPU
	EndGlobalSection
	GlobalSection(ProjectConfigurationPlatforms) = postSolution
		{075DB697-EEDC-0F0C-C74D-65F1E5328D2F}.Debug|Any CPU.ActiveCfg = Debug|Any CPU
		{075DB697-EEDC-0F0C-C74D-65F1E5328D2F}.Debug|Any CPU.Build.0 = Debug|Any CPU
		{075DB697-EEDC-0F0C-C74D-65F1E5328D2F}.Release|Any CPU.ActiveCfg = Release|Any CPU
		{075DB697-EEDC-0F0C-C74D-65F1E5328D2F}.Release|Any CPU.Build.0 = Release|Any CPU
	EndGlobalSection
	GlobalSection(SolutionProperties) = preSolution
		HideSolutionNode = FALSE
	EndGlobalSection
	GlobalSection(ExtensibilityGlobals) = postSolution
		SolutionGuid = {B4576AE8-C6CA-4D40-A611-F8718C3B2B0F}
	EndGlobalSection
EndGlobal
